
Microsoft Visual Studio Solution File, Format Version 12.00
# Visual Studio 15
VisualStudioVersion = 15.0.27004.2009
MinimumVisualStudioVersion = 10.0.40219.1
Project("{FAE04EC0-301F-11D3-BF4B-00C04F79EFBC}") = "NetNote", "NetNote\NetNote.csproj", "{CC121C8C-93B4-401B-AF2A-571EC2CF13A3}"
EndProject
Global
	GlobalSection(SolutionConfigurationPlatforms) = preSolution
		Debug|Any CPU = Debug|Any CPU
		Release|Any CPU = Release|Any CPU
	EndGlobalSection
	GlobalSection(ProjectConfigurationPlatforms) = postSolution
		{CC121C8C-93B4-401B-AF2A-571EC2CF13A3}.Debug|Any CPU.ActiveCfg = Debug|Any CPU
		{CC121C8C-93B4-401B-AF2A-571EC2CF13A3}.Debug|Any CPU.Build.0 = Debug|Any CPU
		{CC121C8C-93B4-401B-AF2A-571EC2CF13A3}.Release|Any CPU.ActiveCfg = Release|Any CPU
		{CC121C8C-93B4-401B-AF2A-571EC2CF13A3}.Release|Any CPU.Build.0 = Release|Any CPU
	EndGlobalSection
	GlobalSection(SolutionProperties) = preSolution
		HideSolutionNode = FALSE
	EndGlobalSection
	GlobalSection(ExtensibilityGlobals) = postSolution
		SolutionGuid = {F4A35D26-262D-449C-80DF-2C8169DC929C}
	EndGlobalSection
EndGlobal
